
Microsoft Visual Studio Solution File, Format Version 11.00
# Visual Studio 2010
Project("{8BC9CEB8-8B4A-11D0-8D11-00A0C91BC942}") = "CaoThong", "CaoThong\CaoThong.vcxproj", "{365B9C81-97A1-4474-9F99-1D984F48302F}"
EndProject
Global
	GlobalSection(SolutionConfigurationPlatforms) = preSolution
		Debug|Win32 = Debug|Win32
		Release|Win32 = Release|Win32
	EndGlobalSection
	GlobalSection(ProjectConfigurationPlatforms) = postSolution
		{365B9C81-97A1-4474-9F99-1D984F48302F}.Debug|Win32.ActiveCfg = Debug|Win32
		{365B9C81-97A1-4474-9F99-1D984F48302F}.Debug|Win32.Build.0 = Debug|Win32
		{365B9C81-97A1-4474-9F99-1D984F48302F}.Release|Win32.ActiveCfg = Release|Win32
		{365B9C81-97A1-4474-9F99-1D984F48302F}.Release|Win32.Build.0 = Release|Win32
	EndGlobalSection
	GlobalSection(SolutionProperties) = preSolution
		HideSolutionNode = FALSE
	EndGlobalSection
EndGlobal
