
Microsoft Visual Studio Solution File, Format Version 11.00
# Visual Studio 2010
Project("{8BC9CEB8-8B4A-11D0-8D11-00A0C91BC942}") = "BTH5", "BTH5\BTH5.vcxproj", "{A7C324AD-5CAC-47D8-AE83-888FD29CB70F}"
EndProject
Global
	GlobalSection(SolutionConfigurationPlatforms) = preSolution
		Debug|Win32 = Debug|Win32
		Release|Win32 = Release|Win32
	EndGlobalSection
	GlobalSection(ProjectConfigurationPlatforms) = postSolution
		{A7C324AD-5CAC-47D8-AE83-888FD29CB70F}.Debug|Win32.ActiveCfg = Debug|Win32
		{A7C324AD-5CAC-47D8-AE83-888FD29CB70F}.Debug|Win32.Build.0 = Debug|Win32
		{A7C324AD-5CAC-47D8-AE83-888FD29CB70F}.Release|Win32.ActiveCfg = Release|Win32
		{A7C324AD-5CAC-47D8-AE83-888FD29CB70F}.Release|Win32.Build.0 = Release|Win32
	EndGlobalSection
	GlobalSection(SolutionProperties) = preSolution
		HideSolutionNode = FALSE
	EndGlobalSection
EndGlobal
